
Microsoft Visual Studio Solution File, Format Version 12.00
# Visual Studio 14
VisualStudioVersion = 14.0.25123.0
MinimumVisualStudioVersion = 10.0.40219.1
Project("{FAE04EC0-301F-11D3-BF4B-00C04F79EFBC}") = "VSCustomElement", "VSCustomElement.csproj", "{72BCC19A-9D1B-4341-9EC6-66D06715A237}"
EndProject
Project("{FAE04EC0-301F-11D3-BF4B-00C04F79EFBC}") = "VSCustomElement.UnitTest", "VSCustomElement.UnitTest\VSCustomElement.UnitTest.csproj", "{ADCE9C59-0BDB-4E69-8D6C-EBF614D5B1EF}"
EndProject
Global
	GlobalSection(SolutionConfigurationPlatforms) = preSolution
		Debug|Any CPU = Debug|Any CPU
		Release|Any CPU = Release|Any CPU
	EndGlobalSection
	GlobalSection(ProjectConfigurationPlatforms) = postSolution
		{72BCC19A-9D1B-4341-9EC6-66D06715A237}.Debug|Any CPU.ActiveCfg = Debug|Any CPU
		{72BCC19A-9D1B-4341-9EC6-66D06715A237}.Debug|Any CPU.Build.0 = Debug|Any CPU
		{72BCC19A-9D1B-4341-9EC6-66D06715A237}.Release|Any CPU.ActiveCfg = Release|Any CPU
		{72BCC19A-9D1B-4341-9EC6-66D06715A237}.Release|Any CPU.Build.0 = Release|Any CPU
		{ADCE9C59-0BDB-4E69-8D6C-EBF614D5B1EF}.Debug|Any CPU.ActiveCfg = Debug|Any CPU
		{ADCE9C59-0BDB-4E69-8D6C-EBF614D5B1EF}.Debug|Any CPU.Build.0 = Debug|Any CPU
		{ADCE9C59-0BDB-4E69-8D6C-EBF614D5B1EF}.Release|Any CPU.ActiveCfg = Release|Any CPU
		{ADCE9C59-0BDB-4E69-8D6C-EBF614D5B1EF}.Release|Any CPU.Build.0 = Release|Any CPU
	EndGlobalSection
	GlobalSection(SolutionProperties) = preSolution
		HideSolutionNode = FALSE
	EndGlobalSection
EndGlobal
